
Microsoft Visual Studio Solution File, Format Version 12.00
# Visual Studio Version 17
VisualStudioVersion = 17.4.33213.308
MinimumVisualStudioVersion = 10.0.40219.1
Project("{FAE04EC0-301F-11D3-BF4B-00C04F79EFBC}") = "ApiDemo", "ApiDemo\ApiDemo.csproj", "{30F2B89C-B62C-4415-95F0-E84B4EC42936}"
EndProject
Global
	GlobalSection(SolutionConfigurationPlatforms) = preSolution
		Debug|Any CPU = Debug|Any CPU
		Release|Any CPU = Release|Any CPU
	EndGlobalSection
	GlobalSection(ProjectConfigurationPlatforms) = postSolution
		{30F2B89C-B62C-4415-95F0-E84B4EC42936}.Debug|Any CPU.ActiveCfg = Debug|Any CPU
		{30F2B89C-B62C-4415-95F0-E84B4EC42936}.Debug|Any CPU.Build.0 = Debug|Any CPU
		{30F2B89C-B62C-4415-95F0-E84B4EC42936}.Release|Any CPU.ActiveCfg = Release|Any CPU
		{30F2B89C-B62C-4415-95F0-E84B4EC42936}.Release|Any CPU.Build.0 = Release|Any CPU
	EndGlobalSection
	GlobalSection(SolutionProperties) = preSolution
		HideSolutionNode = FALSE
	EndGlobalSection
	GlobalSection(ExtensibilityGlobals) = postSolution
		SolutionGuid = {2B04304A-1AC3-4580-892B-345B9267B2CC}
	EndGlobalSection
EndGlobal
